
Microsoft Visual Studio Solution File, Format Version 12.00
# Visual Studio Version 17
VisualStudioVersion = 17.14.36705.20
MinimumVisualStudioVersion = 10.0.40219.1
Project("{FAE04EC0-301F-11D3-BF4B-00C04F79EFBC}") = "project", "project\project.csproj", "{A303B96F-A915-4CF0-9155-3CDB91FCFE45}"
EndProject
Project("{FAE04EC0-301F-11D3-BF4B-00C04F79EFBC}") = "ClassLibrary1", "ClassLibrary1\ClassLibrary1.csproj", "{69938717-81C6-4BA6-8112-7AC7051C9D10}"
EndProject
Global
	GlobalSection(SolutionConfigurationPlatforms) = preSolution
		Debug|Any CPU = Debug|Any CPU
		Release|Any CPU = Release|Any CPU
	EndGlobalSection
	GlobalSection(ProjectConfigurationPlatforms) = postSolution
		{A303B96F-A915-4CF0-9155-3CDB91FCFE45}.Debug|Any CPU.ActiveCfg = Debug|Any CPU
		{A303B96F-A915-4CF0-9155-3CDB91FCFE45}.Debug|Any CPU.Build.0 = Debug|Any CPU
		{A303B96F-A915-4CF0-9155-3CDB91FCFE45}.Debug|Any CPU.Deploy.0 = Debug|Any CPU
		{A303B96F-A915-4CF0-9155-3CDB91FCFE45}.Release|Any CPU.ActiveCfg = Release|Any CPU
		{A303B96F-A915-4CF0-9155-3CDB91FCFE45}.Release|Any CPU.Build.0 = Release|Any CPU
		{69938717-81C6-4BA6-8112-7AC7051C9D10}.Debug|Any CPU.ActiveCfg = Debug|Any CPU
		{69938717-81C6-4BA6-8112-7AC7051C9D10}.Debug|Any CPU.Build.0 = Debug|Any CPU
		{69938717-81C6-4BA6-8112-7AC7051C9D10}.Release|Any CPU.ActiveCfg = Release|Any CPU
		{69938717-81C6-4BA6-8112-7AC7051C9D10}.Release|Any CPU.Build.0 = Release|Any CPU
	EndGlobalSection
	GlobalSection(SolutionProperties) = preSolution
		HideSolutionNode = FALSE
	EndGlobalSection
	GlobalSection(ExtensibilityGlobals) = postSolution
		SolutionGuid = {56A42968-6E23-42DB-84F4-0A0060428146}
	EndGlobalSection
EndGlobal
